
Microsoft Visual Studio Solution File, Format Version 12.00
# Visual Studio Version 16
VisualStudioVersion = 16.0.29009.5
MinimumVisualStudioVersion = 10.0.40219.1
Project("{FAE04EC0-301F-11D3-BF4B-00C04F79EFBC}") = "nVisionTest", "nVisionTest\nVisionTest.csproj", "{AACFD915-1805-4309-9C57-852159E48DC7}"
EndProject
Global
	GlobalSection(SolutionConfigurationPlatforms) = preSolution
		Debug|Any CPU = Debug|Any CPU
		Release|Any CPU = Release|Any CPU
	EndGlobalSection
	GlobalSection(ProjectConfigurationPlatforms) = postSolution
		{AACFD915-1805-4309-9C57-852159E48DC7}.Debug|Any CPU.ActiveCfg = Debug|Any CPU
		{AACFD915-1805-4309-9C57-852159E48DC7}.Debug|Any CPU.Build.0 = Debug|Any CPU
		{AACFD915-1805-4309-9C57-852159E48DC7}.Release|Any CPU.ActiveCfg = Release|Any CPU
		{AACFD915-1805-4309-9C57-852159E48DC7}.Release|Any CPU.Build.0 = Release|Any CPU
	EndGlobalSection
	GlobalSection(SolutionProperties) = preSolution
		HideSolutionNode = FALSE
	EndGlobalSection
	GlobalSection(ExtensibilityGlobals) = postSolution
		SolutionGuid = {70C6EE21-A6BD-4CCF-8487-5BC65AC453D7}
	EndGlobalSection
EndGlobal
